{
  "name": "smb-enumerate-shares",
  "version": "1.1.4",
  "lockfileVersion": 3,
  "requires": true,
  "packages": {
    "": {
      "name": "smb-enumerate-shares",
      "version": "1.1.4",
      "license": "ISC",
      "dependencies": {
        "ntlm": "^0.1.3"
      }
    },
    "node_modules/ntlm": {
      "version": "0.1.3",
      "resolved": "https://registry.npmjs.org/ntlm/-/ntlm-0.1.3.tgz",
      "integrity": "sha1-O4FOvFMKHmzXEtzwz1kBVZMRlcE=",
      "engines": [
        "node"
      ]
    }
  }
}
